
Microsoft Visual Studio Solution File, Format Version 12.00
# Visual Studio Version 16
VisualStudioVersion = 16.0.32901.82
MinimumVisualStudioVersion = 10.0.40219.1
Project("{FAE04EC0-301F-11D3-BF4B-00C04F79EFBC}") = "MinMax", "MinMax\MinMax.csproj", "{B8C013E1-1406-4435-86B3-BF6D49835A7E}"
EndProject
Global
	GlobalSection(SolutionConfigurationPlatforms) = preSolution
		Debug|Any CPU = Debug|Any CPU
		Release|Any CPU = Release|Any CPU
	EndGlobalSection
	GlobalSection(ProjectConfigurationPlatforms) = postSolution
		{B8C013E1-1406-4435-86B3-BF6D49835A7E}.Debug|Any CPU.ActiveCfg = Debug|Any CPU
		{B8C013E1-1406-4435-86B3-BF6D49835A7E}.Debug|Any CPU.Build.0 = Debug|Any CPU
		{B8C013E1-1406-4435-86B3-BF6D49835A7E}.Release|Any CPU.ActiveCfg = Release|Any CPU
		{B8C013E1-1406-4435-86B3-BF6D49835A7E}.Release|Any CPU.Build.0 = Release|Any CPU
	EndGlobalSection
	GlobalSection(SolutionProperties) = preSolution
		HideSolutionNode = FALSE
	EndGlobalSection
	GlobalSection(ExtensibilityGlobals) = postSolution
		SolutionGuid = {39E34183-8E59-4077-9339-920E11C973E4}
	EndGlobalSection
EndGlobal
